
Microsoft Visual Studio Solution File, Format Version 12.00
# Visual Studio 15
Project("{FAE04EC0-301F-11D3-BF4B-00C04F79EFBC}") = "Unity.XR.Interaction.Toolkit.Samples.StarterAssets", "Unity.XR.Interaction.Toolkit.Samples.StarterAssets.csproj", "{2B4F8300-ECA4-0D00-6E91-E5F4E81D92C1}"
EndProject
Project("{FAE04EC0-301F-11D3-BF4B-00C04F79EFBC}") = "extOSC", "extOSC.csproj", "{58BE2BD2-E570-4550-57E7-A0B337F21217}"
EndProject
Project("{FAE04EC0-301F-11D3-BF4B-00C04F79EFBC}") = "extOSC.Editor", "extOSC.Editor.csproj", "{49D0788A-B26B-08E7-B3A1-E3F6B9BD6723}"
EndProject
Project("{FAE04EC0-301F-11D3-BF4B-00C04F79EFBC}") = "Assembly-CSharp", "Assembly-CSharp.csproj", "{27AB3609-15DB-52E3-4D4E-5A489B4C4689}"
EndProject
Project("{FAE04EC0-301F-11D3-BF4B-00C04F79EFBC}") = "Assembly-CSharp-Editor", "Assembly-CSharp-Editor.csproj", "{370322A7-A719-624F-301A-562657B3EFD1}"
EndProject
Project("{FAE04EC0-301F-11D3-BF4B-00C04F79EFBC}") = "Unity.XR.Interaction.Toolkit.Samples.StarterAssets.Editor", "Unity.XR.Interaction.Toolkit.Samples.StarterAssets.Editor.csproj", "{85D563B9-C14D-DCB3-4DA6-557949DD2B7A}"
EndProject
Global
	GlobalSection(SolutionConfigurationPlatforms) = preSolution
		Debug|Any CPU = Debug|Any CPU
		Release|Any CPU = Release|Any CPU
	EndGlobalSection
	GlobalSection(ProjectConfigurationPlatforms) = postSolution
		{2B4F8300-ECA4-0D00-6E91-E5F4E81D92C1}.Debug|Any CPU.ActiveCfg = Debug|Any CPU
		{2B4F8300-ECA4-0D00-6E91-E5F4E81D92C1}.Debug|Any CPU.Build.0 = Debug|Any CPU
		{2B4F8300-ECA4-0D00-6E91-E5F4E81D92C1}.Release|Any CPU.ActiveCfg = Release|Any CPU
		{2B4F8300-ECA4-0D00-6E91-E5F4E81D92C1}.Release|Any CPU.Build.0 = Release|Any CPU
		{58BE2BD2-E570-4550-57E7-A0B337F21217}.Debug|Any CPU.ActiveCfg = Debug|Any CPU
		{58BE2BD2-E570-4550-57E7-A0B337F21217}.Debug|Any CPU.Build.0 = Debug|Any CPU
		{58BE2BD2-E570-4550-57E7-A0B337F21217}.Release|Any CPU.ActiveCfg = Release|Any CPU
		{58BE2BD2-E570-4550-57E7-A0B337F21217}.Release|Any CPU.Build.0 = Release|Any CPU
		{49D0788A-B26B-08E7-B3A1-E3F6B9BD6723}.Debug|Any CPU.ActiveCfg = Debug|Any CPU
		{49D0788A-B26B-08E7-B3A1-E3F6B9BD6723}.Debug|Any CPU.Build.0 = Debug|Any CPU
		{49D0788A-B26B-08E7-B3A1-E3F6B9BD6723}.Release|Any CPU.ActiveCfg = Release|Any CPU
		{49D0788A-B26B-08E7-B3A1-E3F6B9BD6723}.Release|Any CPU.Build.0 = Release|Any CPU
		{27AB3609-15DB-52E3-4D4E-5A489B4C4689}.Debug|Any CPU.ActiveCfg = Debug|Any CPU
		{27AB3609-15DB-52E3-4D4E-5A489B4C4689}.Debug|Any CPU.Build.0 = Debug|Any CPU
		{27AB3609-15DB-52E3-4D4E-5A489B4C4689}.Release|Any CPU.ActiveCfg = Release|Any CPU
		{27AB3609-15DB-52E3-4D4E-5A489B4C4689}.Release|Any CPU.Build.0 = Release|Any CPU
		{370322A7-A719-624F-301A-562657B3EFD1}.Debug|Any CPU.ActiveCfg = Debug|Any CPU
		{370322A7-A719-624F-301A-562657B3EFD1}.Debug|Any CPU.Build.0 = Debug|Any CPU
		{370322A7-A719-624F-301A-562657B3EFD1}.Release|Any CPU.ActiveCfg = Release|Any CPU
		{370322A7-A719-624F-301A-562657B3EFD1}.Release|Any CPU.Build.0 = Release|Any CPU
		{85D563B9-C14D-DCB3-4DA6-557949DD2B7A}.Debug|Any CPU.ActiveCfg = Debug|Any CPU
		{85D563B9-C14D-DCB3-4DA6-557949DD2B7A}.Debug|Any CPU.Build.0 = Debug|Any CPU
		{85D563B9-C14D-DCB3-4DA6-557949DD2B7A}.Release|Any CPU.ActiveCfg = Release|Any CPU
		{85D563B9-C14D-DCB3-4DA6-557949DD2B7A}.Release|Any CPU.Build.0 = Release|Any CPU
	EndGlobalSection
	GlobalSection(SolutionProperties) = preSolution
		HideSolutionNode = FALSE
	EndGlobalSection
EndGlobal
