
Microsoft Visual Studio Solution File, Format Version 12.00
# Visual Studio 15
Project("{FAE04EC0-301F-11D3-BF4B-00C04F79EFBC}") = "Unity.XR.Interaction.Toolkit.Samples.StarterAssets", "Unity.XR.Interaction.Toolkit.Samples.StarterAssets.csproj", "{98280AFA-2303-DF39-D8FE-AE5423E0ADCA}"
EndProject
Project("{FAE04EC0-301F-11D3-BF4B-00C04F79EFBC}") = "extOSC", "extOSC.csproj", "{8C7E15AA-6E6D-7DD4-95AA-77D2022E6679}"
EndProject
Project("{FAE04EC0-301F-11D3-BF4B-00C04F79EFBC}") = "Assembly-CSharp", "Assembly-CSharp.csproj", "{A5D8E099-31ED-BB8B-367C-C7DCF76C0620}"
EndProject
Project("{FAE04EC0-301F-11D3-BF4B-00C04F79EFBC}") = "extOSC.Editor", "extOSC.Editor.csproj", "{A43E4A91-4A59-29F4-E3F7-B2515848203D}"
EndProject
Project("{FAE04EC0-301F-11D3-BF4B-00C04F79EFBC}") = "Assembly-CSharp-Editor", "Assembly-CSharp-Editor.csproj", "{88F947B4-21C6-5084-1F7F-F9F566FE376F}"
EndProject
Project("{FAE04EC0-301F-11D3-BF4B-00C04F79EFBC}") = "sc.terrain.painter.runtime", "sc.terrain.painter.runtime.csproj", "{21D0AD0E-43EB-A31B-5FF4-9134842F9DAC}"
EndProject
Project("{FAE04EC0-301F-11D3-BF4B-00C04F79EFBC}") = "sc.terrain.painter.editor", "sc.terrain.painter.editor.csproj", "{2B70AF89-94FA-212E-D0C2-CFEAF005BAA3}"
EndProject
Project("{FAE04EC0-301F-11D3-BF4B-00C04F79EFBC}") = "ALP8310_ControllerGlobal.Editor", "ALP8310_ControllerGlobal.Editor.csproj", "{41E96E15-3D20-181A-048B-3EADF5CAD704}"
EndProject
Project("{FAE04EC0-301F-11D3-BF4B-00C04F79EFBC}") = "Unity.XR.Interaction.Toolkit.Samples.StarterAssets.Editor", "Unity.XR.Interaction.Toolkit.Samples.StarterAssets.Editor.csproj", "{76AF505D-7DCE-03AD-1D67-4B8314F58FDA}"
EndProject
Project("{FAE04EC0-301F-11D3-BF4B-00C04F79EFBC}") = "ALP8310_ControllerGlobal", "ALP8310_ControllerGlobal.csproj", "{0847E7DA-BE8E-A2D4-7D73-0A60C1718E0E}"
EndProject
Global
	GlobalSection(SolutionConfigurationPlatforms) = preSolution
		Debug|Any CPU = Debug|Any CPU
		Release|Any CPU = Release|Any CPU
	EndGlobalSection
	GlobalSection(ProjectConfigurationPlatforms) = postSolution
		{98280AFA-2303-DF39-D8FE-AE5423E0ADCA}.Debug|Any CPU.ActiveCfg = Debug|Any CPU
		{98280AFA-2303-DF39-D8FE-AE5423E0ADCA}.Debug|Any CPU.Build.0 = Debug|Any CPU
		{98280AFA-2303-DF39-D8FE-AE5423E0ADCA}.Release|Any CPU.ActiveCfg = Release|Any CPU
		{98280AFA-2303-DF39-D8FE-AE5423E0ADCA}.Release|Any CPU.Build.0 = Release|Any CPU
		{8C7E15AA-6E6D-7DD4-95AA-77D2022E6679}.Debug|Any CPU.ActiveCfg = Debug|Any CPU
		{8C7E15AA-6E6D-7DD4-95AA-77D2022E6679}.Debug|Any CPU.Build.0 = Debug|Any CPU
		{8C7E15AA-6E6D-7DD4-95AA-77D2022E6679}.Release|Any CPU.ActiveCfg = Release|Any CPU
		{8C7E15AA-6E6D-7DD4-95AA-77D2022E6679}.Release|Any CPU.Build.0 = Release|Any CPU
		{A5D8E099-31ED-BB8B-367C-C7DCF76C0620}.Debug|Any CPU.ActiveCfg = Debug|Any CPU
		{A5D8E099-31ED-BB8B-367C-C7DCF76C0620}.Debug|Any CPU.Build.0 = Debug|Any CPU
		{A5D8E099-31ED-BB8B-367C-C7DCF76C0620}.Release|Any CPU.ActiveCfg = Release|Any CPU
		{A5D8E099-31ED-BB8B-367C-C7DCF76C0620}.Release|Any CPU.Build.0 = Release|Any CPU
		{A43E4A91-4A59-29F4-E3F7-B2515848203D}.Debug|Any CPU.ActiveCfg = Debug|Any CPU
		{A43E4A91-4A59-29F4-E3F7-B2515848203D}.Debug|Any CPU.Build.0 = Debug|Any CPU
		{A43E4A91-4A59-29F4-E3F7-B2515848203D}.Release|Any CPU.ActiveCfg = Release|Any CPU
		{A43E4A91-4A59-29F4-E3F7-B2515848203D}.Release|Any CPU.Build.0 = Release|Any CPU
		{88F947B4-21C6-5084-1F7F-F9F566FE376F}.Debug|Any CPU.ActiveCfg = Debug|Any CPU
		{88F947B4-21C6-5084-1F7F-F9F566FE376F}.Debug|Any CPU.Build.0 = Debug|Any CPU
		{88F947B4-21C6-5084-1F7F-F9F566FE376F}.Release|Any CPU.ActiveCfg = Release|Any CPU
		{88F947B4-21C6-5084-1F7F-F9F566FE376F}.Release|Any CPU.Build.0 = Release|Any CPU
		{21D0AD0E-43EB-A31B-5FF4-9134842F9DAC}.Debug|Any CPU.ActiveCfg = Debug|Any CPU
		{21D0AD0E-43EB-A31B-5FF4-9134842F9DAC}.Debug|Any CPU.Build.0 = Debug|Any CPU
		{21D0AD0E-43EB-A31B-5FF4-9134842F9DAC}.Release|Any CPU.ActiveCfg = Release|Any CPU
		{21D0AD0E-43EB-A31B-5FF4-9134842F9DAC}.Release|Any CPU.Build.0 = Release|Any CPU
		{2B70AF89-94FA-212E-D0C2-CFEAF005BAA3}.Debug|Any CPU.ActiveCfg = Debug|Any CPU
		{2B70AF89-94FA-212E-D0C2-CFEAF005BAA3}.Debug|Any CPU.Build.0 = Debug|Any CPU
		{2B70AF89-94FA-212E-D0C2-CFEAF005BAA3}.Release|Any CPU.ActiveCfg = Release|Any CPU
		{2B70AF89-94FA-212E-D0C2-CFEAF005BAA3}.Release|Any CPU.Build.0 = Release|Any CPU
		{41E96E15-3D20-181A-048B-3EADF5CAD704}.Debug|Any CPU.ActiveCfg = Debug|Any CPU
		{41E96E15-3D20-181A-048B-3EADF5CAD704}.Debug|Any CPU.Build.0 = Debug|Any CPU
		{41E96E15-3D20-181A-048B-3EADF5CAD704}.Release|Any CPU.ActiveCfg = Release|Any CPU
		{41E96E15-3D20-181A-048B-3EADF5CAD704}.Release|Any CPU.Build.0 = Release|Any CPU
		{76AF505D-7DCE-03AD-1D67-4B8314F58FDA}.Debug|Any CPU.ActiveCfg = Debug|Any CPU
		{76AF505D-7DCE-03AD-1D67-4B8314F58FDA}.Debug|Any CPU.Build.0 = Debug|Any CPU
		{76AF505D-7DCE-03AD-1D67-4B8314F58FDA}.Release|Any CPU.ActiveCfg = Release|Any CPU
		{76AF505D-7DCE-03AD-1D67-4B8314F58FDA}.Release|Any CPU.Build.0 = Release|Any CPU
		{0847E7DA-BE8E-A2D4-7D73-0A60C1718E0E}.Debug|Any CPU.ActiveCfg = Debug|Any CPU
		{0847E7DA-BE8E-A2D4-7D73-0A60C1718E0E}.Debug|Any CPU.Build.0 = Debug|Any CPU
		{0847E7DA-BE8E-A2D4-7D73-0A60C1718E0E}.Release|Any CPU.ActiveCfg = Release|Any CPU
		{0847E7DA-BE8E-A2D4-7D73-0A60C1718E0E}.Release|Any CPU.Build.0 = Release|Any CPU
	EndGlobalSection
	GlobalSection(SolutionProperties) = preSolution
		HideSolutionNode = FALSE
	EndGlobalSection
EndGlobal
